
Microsoft Visual Studio Solution File, Format Version 12.00
# Visual Studio 15
VisualStudioVersion = 15.0.28010.2036
MinimumVisualStudioVersion = 10.0.40219.1
Project("{FAE04EC0-301F-11D3-BF4B-00C04F79EFBC}") = "BlogezyApplication", "BlogezyApplication\BlogezyApplication.csproj", "{B0F74CC4-FE19-44D9-8A03-41E5A3339AEA}"
EndProject
Global
	GlobalSection(SolutionConfigurationPlatforms) = preSolution
		Debug|Any CPU = Debug|Any CPU
		Release|Any CPU = Release|Any CPU
	EndGlobalSection
	GlobalSection(ProjectConfigurationPlatforms) = postSolution
		{B0F74CC4-FE19-44D9-8A03-41E5A3339AEA}.Debug|Any CPU.ActiveCfg = Debug|Any CPU
		{B0F74CC4-FE19-44D9-8A03-41E5A3339AEA}.Debug|Any CPU.Build.0 = Debug|Any CPU
		{B0F74CC4-FE19-44D9-8A03-41E5A3339AEA}.Release|Any CPU.ActiveCfg = Release|Any CPU
		{B0F74CC4-FE19-44D9-8A03-41E5A3339AEA}.Release|Any CPU.Build.0 = Release|Any CPU
	EndGlobalSection
	GlobalSection(SolutionProperties) = preSolution
		HideSolutionNode = FALSE
	EndGlobalSection
	GlobalSection(ExtensibilityGlobals) = postSolution
		SolutionGuid = {3A22FC23-DC52-472E-B806-B3470D4699A3}
	EndGlobalSection
EndGlobal
